
Microsoft Visual Studio Solution File, Format Version 12.00
# Visual Studio Version 17
VisualStudioVersion = 17.8.34330.188
MinimumVisualStudioVersion = 10.0.40219.1
Project("{FAE04EC0-301F-11D3-BF4B-00C04F79EFBC}") = "TabControlApp", "TabControlApp\TabControlApp.csproj", "{FF968E2A-528B-42B8-8445-60B5C85C720C}"
EndProject
Global
	GlobalSection(SolutionConfigurationPlatforms) = preSolution
		Debug|Any CPU = Debug|Any CPU
		Release|Any CPU = Release|Any CPU
	EndGlobalSection
	GlobalSection(ProjectConfigurationPlatforms) = postSolution
		{FF968E2A-528B-42B8-8445-60B5C85C720C}.Debug|Any CPU.ActiveCfg = Debug|Any CPU
		{FF968E2A-528B-42B8-8445-60B5C85C720C}.Debug|Any CPU.Build.0 = Debug|Any CPU
		{FF968E2A-528B-42B8-8445-60B5C85C720C}.Release|Any CPU.ActiveCfg = Release|Any CPU
		{FF968E2A-528B-42B8-8445-60B5C85C720C}.Release|Any CPU.Build.0 = Release|Any CPU
	EndGlobalSection
	GlobalSection(SolutionProperties) = preSolution
		HideSolutionNode = FALSE
	EndGlobalSection
	GlobalSection(ExtensibilityGlobals) = postSolution
		SolutionGuid = {47079CB4-6E62-4A6E-9533-B05DD20A277A}
	EndGlobalSection
EndGlobal
